
Microsoft Visual Studio Solution File, Format Version 12.00
# Visual Studio Version 16
VisualStudioVersion = 16.0.30413.136
MinimumVisualStudioVersion = 10.0.40219.1
Project("{FAE04EC0-301F-11D3-BF4B-00C04F79EFBC}") = "CipherEncrypter", "CipherEncrypter\CipherEncrypter.csproj", "{CD7BC16A-49AB-465A-8A82-A9D644CB7244}"
EndProject
Global
	GlobalSection(SolutionConfigurationPlatforms) = preSolution
		Debug|Any CPU = Debug|Any CPU
		Release|Any CPU = Release|Any CPU
	EndGlobalSection
	GlobalSection(ProjectConfigurationPlatforms) = postSolution
		{CD7BC16A-49AB-465A-8A82-A9D644CB7244}.Debug|Any CPU.ActiveCfg = Debug|Any CPU
		{CD7BC16A-49AB-465A-8A82-A9D644CB7244}.Debug|Any CPU.Build.0 = Debug|Any CPU
		{CD7BC16A-49AB-465A-8A82-A9D644CB7244}.Release|Any CPU.ActiveCfg = Release|Any CPU
		{CD7BC16A-49AB-465A-8A82-A9D644CB7244}.Release|Any CPU.Build.0 = Release|Any CPU
	EndGlobalSection
	GlobalSection(SolutionProperties) = preSolution
		HideSolutionNode = FALSE
	EndGlobalSection
	GlobalSection(ExtensibilityGlobals) = postSolution
		SolutionGuid = {3093E079-EEFC-49DD-ABB4-A763C272D6FE}
	EndGlobalSection
EndGlobal
